
Microsoft Visual Studio Solution File, Format Version 12.00
# Visual Studio 15
VisualStudioVersion = 15.0.28307.1401
MinimumVisualStudioVersion = 10.0.40219.1
Project("{FAE04EC0-301F-11D3-BF4B-00C04F79EFBC}") = "BasicGreetingProgram", "BasicGreetingProgram\BasicGreetingProgram.csproj", "{156B689F-BB68-44C3-A1CD-D6F438B26BF2}"
EndProject
Global
	GlobalSection(SolutionConfigurationPlatforms) = preSolution
		Debug|Any CPU = Debug|Any CPU
		Release|Any CPU = Release|Any CPU
	EndGlobalSection
	GlobalSection(ProjectConfigurationPlatforms) = postSolution
		{156B689F-BB68-44C3-A1CD-D6F438B26BF2}.Debug|Any CPU.ActiveCfg = Debug|Any CPU
		{156B689F-BB68-44C3-A1CD-D6F438B26BF2}.Debug|Any CPU.Build.0 = Debug|Any CPU
		{156B689F-BB68-44C3-A1CD-D6F438B26BF2}.Release|Any CPU.ActiveCfg = Release|Any CPU
		{156B689F-BB68-44C3-A1CD-D6F438B26BF2}.Release|Any CPU.Build.0 = Release|Any CPU
	EndGlobalSection
	GlobalSection(SolutionProperties) = preSolution
		HideSolutionNode = FALSE
	EndGlobalSection
	GlobalSection(ExtensibilityGlobals) = postSolution
		SolutionGuid = {FD11EE18-515F-4461-BC1B-07EA86823BF3}
	EndGlobalSection
EndGlobal
